
Microsoft Visual Studio Solution File, Format Version 12.00
# Visual Studio Version 16
VisualStudioVersion = 16.0.28803.352
MinimumVisualStudioVersion = 10.0.40219.1
Project("{9A19103F-16F7-4668-BE54-9A1E7A4F7556}") = "AppEnvio", "AppEnvio\AppEnvio.csproj", "{FA099A3F-CB0B-411E-8C06-E3468BAAC197}"
EndProject
Project("{9A19103F-16F7-4668-BE54-9A1E7A4F7556}") = "AppWebHook", "AppWebHook\AppWebHook.csproj", "{58B70189-D92A-4E6B-AED6-E0313BB21F3D}"
EndProject
Project("{2150E333-8FDC-42A3-9474-1A3956D46DE8}") = "Solution Items", "Solution Items", "{C0A4B422-CD75-4B06-AE88-D59A236DDFAF}"
	ProjectSection(SolutionItems) = preProject
		.filenesting.json = .filenesting.json
	EndProjectSection
EndProject
Global
	GlobalSection(SolutionConfigurationPlatforms) = preSolution
		Debug|Any CPU = Debug|Any CPU
		Release|Any CPU = Release|Any CPU
	EndGlobalSection
	GlobalSection(ProjectConfigurationPlatforms) = postSolution
		{FA099A3F-CB0B-411E-8C06-E3468BAAC197}.Debug|Any CPU.ActiveCfg = Debug|Any CPU
		{FA099A3F-CB0B-411E-8C06-E3468BAAC197}.Debug|Any CPU.Build.0 = Debug|Any CPU
		{FA099A3F-CB0B-411E-8C06-E3468BAAC197}.Release|Any CPU.ActiveCfg = Release|Any CPU
		{FA099A3F-CB0B-411E-8C06-E3468BAAC197}.Release|Any CPU.Build.0 = Release|Any CPU
		{58B70189-D92A-4E6B-AED6-E0313BB21F3D}.Debug|Any CPU.ActiveCfg = Debug|Any CPU
		{58B70189-D92A-4E6B-AED6-E0313BB21F3D}.Debug|Any CPU.Build.0 = Debug|Any CPU
		{58B70189-D92A-4E6B-AED6-E0313BB21F3D}.Release|Any CPU.ActiveCfg = Release|Any CPU
		{58B70189-D92A-4E6B-AED6-E0313BB21F3D}.Release|Any CPU.Build.0 = Release|Any CPU
	EndGlobalSection
	GlobalSection(SolutionProperties) = preSolution
		HideSolutionNode = FALSE
	EndGlobalSection
	GlobalSection(ExtensibilityGlobals) = postSolution
		SolutionGuid = {798B1BDD-9B16-41D8-B417-F76E8FC5B04E}
	EndGlobalSection
EndGlobal
